
Microsoft Visual Studio Solution File, Format Version 12.00
# Visual Studio Version 16
VisualStudioVersion = 16.0.30114.105
MinimumVisualStudioVersion = 10.0.40219.1
Project("{2150E333-8FDC-42A3-9474-1A3956D46DE8}") = "src", "src", "{37A0B27C-95A9-4762-9935-11B3999B3FF7}"
EndProject
Project("{FAE04EC0-301F-11D3-BF4B-00C04F79EFBC}") = "DockerDevEnv.Core", "src\DockerDevEnv.Core\DockerDevEnv.Core.csproj", "{F6CCFF8B-60EF-4427-A482-68142E9CD3E6}"
EndProject
Project("{2150E333-8FDC-42A3-9474-1A3956D46DE8}") = "test", "test", "{C00542E7-4242-4E52-9B10-02200B4C3767}"
EndProject
Project("{FAE04EC0-301F-11D3-BF4B-00C04F79EFBC}") = "DockerDevEnv.Tests", "test\DockerDevEnv.Tests\DockerDevEnv.Tests.csproj", "{59F87542-27F3-441C-B495-8137D569AB22}"
EndProject
Global
	GlobalSection(SolutionConfigurationPlatforms) = preSolution
		Debug|Any CPU = Debug|Any CPU
		Release|Any CPU = Release|Any CPU
	EndGlobalSection
	GlobalSection(SolutionProperties) = preSolution
		HideSolutionNode = FALSE
	EndGlobalSection
	GlobalSection(ProjectConfigurationPlatforms) = postSolution
		{F6CCFF8B-60EF-4427-A482-68142E9CD3E6}.Debug|Any CPU.ActiveCfg = Debug|Any CPU
		{F6CCFF8B-60EF-4427-A482-68142E9CD3E6}.Debug|Any CPU.Build.0 = Debug|Any CPU
		{F6CCFF8B-60EF-4427-A482-68142E9CD3E6}.Release|Any CPU.ActiveCfg = Release|Any CPU
		{F6CCFF8B-60EF-4427-A482-68142E9CD3E6}.Release|Any CPU.Build.0 = Release|Any CPU
		{59F87542-27F3-441C-B495-8137D569AB22}.Debug|Any CPU.ActiveCfg = Debug|Any CPU
		{59F87542-27F3-441C-B495-8137D569AB22}.Debug|Any CPU.Build.0 = Debug|Any CPU
		{59F87542-27F3-441C-B495-8137D569AB22}.Release|Any CPU.ActiveCfg = Release|Any CPU
		{59F87542-27F3-441C-B495-8137D569AB22}.Release|Any CPU.Build.0 = Release|Any CPU
	EndGlobalSection
	GlobalSection(NestedProjects) = preSolution
		{F6CCFF8B-60EF-4427-A482-68142E9CD3E6} = {37A0B27C-95A9-4762-9935-11B3999B3FF7}
		{59F87542-27F3-441C-B495-8137D569AB22} = {C00542E7-4242-4E52-9B10-02200B4C3767}
	EndGlobalSection
EndGlobal
